
Microsoft Visual Studio Solution File, Format Version 12.00
# Visual Studio Version 17
VisualStudioVersion = 17.3.32901.215
MinimumVisualStudioVersion = 10.0.40219.1
Project("{FAE04EC0-301F-11D3-BF4B-00C04F79EFBC}") = "while döngüsü ornek1-777", "while döngüsü ornek1-777\while döngüsü ornek1-777.csproj", "{EBA6C7C3-CDDB-4A3F-A597-BAEE66D4C8B4}"
EndProject
Global
	GlobalSection(SolutionConfigurationPlatforms) = preSolution
		Debug|Any CPU = Debug|Any CPU
		Release|Any CPU = Release|Any CPU
	EndGlobalSection
	GlobalSection(ProjectConfigurationPlatforms) = postSolution
		{EBA6C7C3-CDDB-4A3F-A597-BAEE66D4C8B4}.Debug|Any CPU.ActiveCfg = Debug|Any CPU
		{EBA6C7C3-CDDB-4A3F-A597-BAEE66D4C8B4}.Debug|Any CPU.Build.0 = Debug|Any CPU
		{EBA6C7C3-CDDB-4A3F-A597-BAEE66D4C8B4}.Release|Any CPU.ActiveCfg = Release|Any CPU
		{EBA6C7C3-CDDB-4A3F-A597-BAEE66D4C8B4}.Release|Any CPU.Build.0 = Release|Any CPU
	EndGlobalSection
	GlobalSection(SolutionProperties) = preSolution
		HideSolutionNode = FALSE
	EndGlobalSection
	GlobalSection(ExtensibilityGlobals) = postSolution
		SolutionGuid = {8CCC3B8A-0A45-4031-9398-A9A24528A2D4}
	EndGlobalSection
EndGlobal
